<Solution>
  <Project Path="Task1solution/Task1solution.csproj" />
  <Project Path="Task2/Task2.csproj" Id="fd10aa4d-5496-4637-bd7b-9df9519c14c5" />
  <Project Path="Task3/Task3.csproj" Id="33767995-f739-48a7-8971-9eec349e1a0b" />
  <Project Path="Task4/Task4.csproj" Id="7d3b3b6e-2fde-4f15-b7aa-5f53df7ab16f" />
</Solution>
